
Microsoft Visual Studio Solution File, Format Version 12.00
# Visual Studio Version 17
VisualStudioVersion = 17.5.002.0
MinimumVisualStudioVersion = 10.0.40219.1
Project("{2150E333-8FDC-42A3-9474-1A3956D46DE8}") = "Ném FIle này vô ổ C", "Ném FIle này vô ổ C", "{20E34E85-4855-4002-A237-171AC1195A36}"
EndProject
Project("{9A19103F-16F7-4668-BE54-9A1E7A4F7556}") = "AdminGunny", "Ném FIle này vô ổ C\admingunny\AdminGunny.csproj", "{6B3A5244-BB69-4313-A968-4EC291146B5E}"
EndProject
Project("{9A19103F-16F7-4668-BE54-9A1E7A4F7556}") = "Tank.Request", "Ném FIle này vô ổ C\Request\Tank.Request.csproj", "{3EE01420-0EE3-4CB1-95D0-A16A73F2F37C}"
EndProject
Global
	GlobalSection(SolutionConfigurationPlatforms) = preSolution
		Debug|Any CPU = Debug|Any CPU
		Release|Any CPU = Release|Any CPU
	EndGlobalSection
	GlobalSection(ProjectConfigurationPlatforms) = postSolution
		{6B3A5244-BB69-4313-A968-4EC291146B5E}.Debug|Any CPU.ActiveCfg = Debug|Any CPU
		{6B3A5244-BB69-4313-A968-4EC291146B5E}.Debug|Any CPU.Build.0 = Debug|Any CPU
		{6B3A5244-BB69-4313-A968-4EC291146B5E}.Release|Any CPU.ActiveCfg = Release|Any CPU
		{6B3A5244-BB69-4313-A968-4EC291146B5E}.Release|Any CPU.Build.0 = Release|Any CPU
		{3EE01420-0EE3-4CB1-95D0-A16A73F2F37C}.Debug|Any CPU.ActiveCfg = Debug|Any CPU
		{3EE01420-0EE3-4CB1-95D0-A16A73F2F37C}.Debug|Any CPU.Build.0 = Debug|Any CPU
		{3EE01420-0EE3-4CB1-95D0-A16A73F2F37C}.Release|Any CPU.ActiveCfg = Release|Any CPU
		{3EE01420-0EE3-4CB1-95D0-A16A73F2F37C}.Release|Any CPU.Build.0 = Release|Any CPU
	EndGlobalSection
	GlobalSection(SolutionProperties) = preSolution
		HideSolutionNode = FALSE
	EndGlobalSection
	GlobalSection(NestedProjects) = preSolution
		{6B3A5244-BB69-4313-A968-4EC291146B5E} = {20E34E85-4855-4002-A237-171AC1195A36}
		{3EE01420-0EE3-4CB1-95D0-A16A73F2F37C} = {20E34E85-4855-4002-A237-171AC1195A36}
	EndGlobalSection
	GlobalSection(ExtensibilityGlobals) = postSolution
		SolutionGuid = {61A97EF7-F58A-4744-A2EB-007000542928}
	EndGlobalSection
EndGlobal
